
Microsoft Visual Studio Solution File, Format Version 12.00
# Visual Studio Version 17
VisualStudioVersion = 17.3.32825.248
MinimumVisualStudioVersion = 10.0.40219.1
Project("{FAE04EC0-301F-11D3-BF4B-00C04F79EFBC}") = "RaceSim", "RaceSim\RaceSim.csproj", "{5C151969-397A-4108-89CE-930FF0D25F38}"
EndProject
Project("{FAE04EC0-301F-11D3-BF4B-00C04F79EFBC}") = "Model", "Model\Model.csproj", "{74C7F225-1569-4E93-B5E0-44AD70F9E3B1}"
EndProject
Project("{FAE04EC0-301F-11D3-BF4B-00C04F79EFBC}") = "Controller", "Controller\Controller.csproj", "{62B809A8-3F78-4F07-AE77-4A680F5D7656}"
EndProject
Global
	GlobalSection(SolutionConfigurationPlatforms) = preSolution
		Debug|Any CPU = Debug|Any CPU
		Release|Any CPU = Release|Any CPU
	EndGlobalSection
	GlobalSection(ProjectConfigurationPlatforms) = postSolution
		{5C151969-397A-4108-89CE-930FF0D25F38}.Debug|Any CPU.ActiveCfg = Debug|Any CPU
		{5C151969-397A-4108-89CE-930FF0D25F38}.Debug|Any CPU.Build.0 = Debug|Any CPU
		{5C151969-397A-4108-89CE-930FF0D25F38}.Release|Any CPU.ActiveCfg = Release|Any CPU
		{5C151969-397A-4108-89CE-930FF0D25F38}.Release|Any CPU.Build.0 = Release|Any CPU
		{74C7F225-1569-4E93-B5E0-44AD70F9E3B1}.Debug|Any CPU.ActiveCfg = Debug|Any CPU
		{74C7F225-1569-4E93-B5E0-44AD70F9E3B1}.Debug|Any CPU.Build.0 = Debug|Any CPU
		{74C7F225-1569-4E93-B5E0-44AD70F9E3B1}.Release|Any CPU.ActiveCfg = Release|Any CPU
		{74C7F225-1569-4E93-B5E0-44AD70F9E3B1}.Release|Any CPU.Build.0 = Release|Any CPU
		{62B809A8-3F78-4F07-AE77-4A680F5D7656}.Debug|Any CPU.ActiveCfg = Debug|Any CPU
		{62B809A8-3F78-4F07-AE77-4A680F5D7656}.Debug|Any CPU.Build.0 = Debug|Any CPU
		{62B809A8-3F78-4F07-AE77-4A680F5D7656}.Release|Any CPU.ActiveCfg = Release|Any CPU
		{62B809A8-3F78-4F07-AE77-4A680F5D7656}.Release|Any CPU.Build.0 = Release|Any CPU
	EndGlobalSection
	GlobalSection(SolutionProperties) = preSolution
		HideSolutionNode = FALSE
	EndGlobalSection
	GlobalSection(ExtensibilityGlobals) = postSolution
		SolutionGuid = {C7945003-2BC6-4D41-B39E-C89F82F5F62F}
	EndGlobalSection
EndGlobal
